{
  "lockfileVersion": 1,
  "workspaces": {
    "": {
      "name": "sandbox-server",
      "dependencies": {
        "@jupyterlab/services": "^7.0.0",
        "uuid": "^9.0.1",
        "ws": "^8.16.0",
      },
      "devDependencies": {
        "@types/uuid": "^9.0.7",
        "@types/ws": "^8.5.10",
      },
    },
  },
  "packages": {
    "@jupyter/ydoc": ["@jupyter/ydoc@3.1.0", "", { "dependencies": { "@jupyterlab/nbformat": "^3.0.0 || ^4.0.0-alpha.21 || ^4.0.0", "@lumino/coreutils": "^1.11.0 || ^2.0.0", "@lumino/disposable": "^1.10.0 || ^2.0.0", "@lumino/signaling": "^1.10.0 || ^2.0.0", "y-protocols": "^1.0.5", "yjs": "^13.5.40" } }, "sha512-+hLNUBZr8Zz8NiuaoYKINDURDJHbjFGxg8EcSU52y+rBe412TsoFxfPSng4eP7w3cZFrVlm7D+8K0nAMHxj0ZQ=="],

    "@jupyterlab/coreutils": ["@jupyterlab/coreutils@6.4.5", "", { "dependencies": { "@lumino/coreutils": "^2.2.1", "@lumino/disposable": "^2.1.4", "@lumino/signaling": "^2.1.4", "minimist": "~1.2.0", "path-browserify": "^1.0.0", "url-parse": "~1.5.4" } }, "sha512-fNEefnqTNP/3alrmGYDb0Mu1heS5Cu39FIDiDDoZuuWv4bsdE2xf7VaStuwjljsQm7VZwi5aeholi1+ciBkZKg=="],

    "@jupyterlab/nbformat": ["@jupyterlab/nbformat@4.4.5", "", { "dependencies": { "@lumino/coreutils": "^2.2.1" } }, "sha512-VOlm1klsb1LUNp47AL8iDZPP71pXu9a+WqukJFuuWVxg//+iR6wdqTYcunE9Lx/7SZDqMsXGD+doBZC36Lzenw=="],

    "@jupyterlab/services": ["@jupyterlab/services@7.4.5", "", { "dependencies": { "@jupyter/ydoc": "^3.0.4", "@jupyterlab/coreutils": "^6.4.5", "@jupyterlab/nbformat": "^4.4.5", "@jupyterlab/settingregistry": "^4.4.5", "@jupyterlab/statedb": "^4.4.5", "@lumino/coreutils": "^2.2.1", "@lumino/disposable": "^2.1.4", "@lumino/polling": "^2.1.4", "@lumino/properties": "^2.0.3", "@lumino/signaling": "^2.1.4", "ws": "^8.11.0" } }, "sha512-JEr8+4VS2MqFyYHh4AnpK/g5V0qRBpmnfXmU0p9YFjcIgGR365D8JF0880IJ0e8+jaW88gSAvZFB8x3o9xRoAQ=="],

    "@jupyterlab/settingregistry": ["@jupyterlab/settingregistry@4.4.5", "", { "dependencies": { "@jupyterlab/nbformat": "^4.4.5", "@jupyterlab/statedb": "^4.4.5", "@lumino/commands": "^2.3.2", "@lumino/coreutils": "^2.2.1", "@lumino/disposable": "^2.1.4", "@lumino/signaling": "^2.1.4", "@rjsf/utils": "^5.13.4", "ajv": "^8.12.0", "json5": "^2.2.3" }, "peerDependencies": { "react": ">=16" } }, "sha512-6hEBq3qI99VZwO97W0AM0mP1is57bWC8Vk2xudic1a90wA9G6ovUBzayqSMm/6QhTuIbCY+vruznwhhsLrVMeg=="],

    "@jupyterlab/statedb": ["@jupyterlab/statedb@4.4.5", "", { "dependencies": { "@lumino/commands": "^2.3.2", "@lumino/coreutils": "^2.2.1", "@lumino/disposable": "^2.1.4", "@lumino/properties": "^2.0.3", "@lumino/signaling": "^2.1.4" } }, "sha512-UpqhOujKwoWoxtNBL2Qk0nrw+ORLJ3ckwiJg2eA0CI+n5kO3IBYAnPzak0tSS0mQNspayXr3KAm4GQ80op5yuA=="],

    "@lumino/algorithm": ["@lumino/algorithm@2.0.3", "", {}, "sha512-DIcF7cIrGEC1Wh8DNjdwaL7IdcNs4Jj1VjO/90oHefeQPszKgc6DSfCxvbQiRanKR6tl/JL7tq4ZRPZES2oVAA=="],

    "@lumino/commands": ["@lumino/commands@2.3.2", "", { "dependencies": { "@lumino/algorithm": "^2.0.3", "@lumino/coreutils": "^2.2.1", "@lumino/disposable": "^2.1.4", "@lumino/domutils": "^2.0.3", "@lumino/keyboard": "^2.0.3", "@lumino/signaling": "^2.1.4", "@lumino/virtualdom": "^2.0.3" } }, "sha512-aAFEiUpp2hrkQU82Z85w1L80g0iDzsQRncLBa+pqVR/k0k1lz6H9F6xZ1ff+lBumZKKtsxBxNomvd0hfxLLqGw=="],

    "@lumino/coreutils": ["@lumino/coreutils@2.2.1", "", { "dependencies": { "@lumino/algorithm": "^2.0.3" } }, "sha512-yij4TnxDIum7xfFUsVvZB0oLv4shs2mNbn3juwtEIsruvVBPmurNzKX0Y8z2QetbP2AZ6MSFtBzEKsihf0H0VA=="],

    "@lumino/disposable": ["@lumino/disposable@2.1.4", "", { "dependencies": { "@lumino/signaling": "^2.1.4" } }, "sha512-qTJiDbglPE2QnG4x4gtBcRbcfKQibxyyinNGKcNDrcK2TGTbbhK5PpMQ8d70l2V2Xw2pb/LfksBAg5pxkJ/G4A=="],

    "@lumino/domutils": ["@lumino/domutils@2.0.3", "", {}, "sha512-bXAbZg3mf2ZDNdBBpCGDike3U+osRGHePTh8H2Ud2KwaN4g/5IryFJm/TiO4K5IYs91bWF2Zqhf3FsdbZKHlGw=="],

    "@lumino/keyboard": ["@lumino/keyboard@2.0.3", "", {}, "sha512-bU2OxAR8a9eNBdV0YFjU6/lVVpbOw1gM7yHOuDGDdNu4J0UpKapFoR9gopNGSaHTmTwDtx9RHdFfIAgHwjZ+VQ=="],

    "@lumino/polling": ["@lumino/polling@2.1.4", "", { "dependencies": { "@lumino/coreutils": "^2.2.1", "@lumino/disposable": "^2.1.4", "@lumino/signaling": "^2.1.4" } }, "sha512-gSkxlIJ/4/esY2G7bsRrY9A4KimDMHTo0shaD+MCbhd09fZMCWJoDMcA447/dykB1rM5NXgugNLjpdGGL/e8cw=="],

    "@lumino/properties": ["@lumino/properties@2.0.3", "", {}, "sha512-zkXIU5uYz/ScHCHGl5Bt4gMYsfPxZEduZd80zqDslBWvTIMro3NnzLe66NMnecbdr5N3hDJagYyA8//Qy3XjiA=="],

    "@lumino/signaling": ["@lumino/signaling@2.1.4", "", { "dependencies": { "@lumino/algorithm": "^2.0.3", "@lumino/coreutils": "^2.2.1" } }, "sha512-nC5Z6d9om369Jkh1Vp3b7C89hV4cjr1fQDVcxhemyKXwc9r6VW7FpKixC+jElcAknP5KLj1FAa8Np+K06mMkEA=="],

    "@lumino/virtualdom": ["@lumino/virtualdom@2.0.3", "", { "dependencies": { "@lumino/algorithm": "^2.0.3" } }, "sha512-q2C8eBxPvvOOQjN3KuxZ+vJi082JH/GF7KwMdaWsy5g+7wjKdnXPuLQFTBLOrVqIzmbxBDlLeFr93CEhdQXcyQ=="],

    "@rjsf/utils": ["@rjsf/utils@5.24.12", "", { "dependencies": { "json-schema-merge-allof": "^0.8.1", "jsonpointer": "^5.0.1", "lodash": "^4.17.21", "lodash-es": "^4.17.21", "react-is": "^18.2.0" }, "peerDependencies": { "react": "^16.14.0 || >=17" } }, "sha512-fDwQB0XkjZjpdFUz5UAnuZj8nnbxDbX5tp+jTOjjJKw2TMQ9gFFYCQ12lSpdhezA2YgEGZfxyYTGW0DKDL5Drg=="],

    "@types/node": ["@types/node@24.1.0", "", { "dependencies": { "undici-types": "~7.8.0" } }, "sha512-ut5FthK5moxFKH2T1CUOC6ctR67rQRvvHdFLCD2Ql6KXmMuCrjsSsRI9UsLCm9M18BMwClv4pn327UvB7eeO1w=="],

    "@types/uuid": ["@types/uuid@9.0.8", "", {}, "sha512-jg+97EGIcY9AGHJJRaaPVgetKDsrTgbRjQ5Msgjh/DQKEFl0DtyRr/VCOyD1T2R1MNeWPK/u7JoGhlDZnKBAfA=="],

    "@types/ws": ["@types/ws@8.18.1", "", { "dependencies": { "@types/node": "*" } }, "sha512-ThVF6DCVhA8kUGy+aazFQ4kXQ7E1Ty7A3ypFOe0IcJV8O/M511G99AW24irKrW56Wt44yG9+ij8FaqoBGkuBXg=="],

    "ajv": ["ajv@8.17.1", "", { "dependencies": { "fast-deep-equal": "^3.1.3", "fast-uri": "^3.0.1", "json-schema-traverse": "^1.0.0", "require-from-string": "^2.0.2" } }, "sha512-B/gBuNg5SiMTrPkC+A2+cW0RszwxYmn6VYxB/inlBStS5nx6xHIt/ehKRhIMhqusl7a8LjQoZnjCs5vhwxOQ1g=="],

    "compute-gcd": ["compute-gcd@1.2.1", "", { "dependencies": { "validate.io-array": "^1.0.3", "validate.io-function": "^1.0.2", "validate.io-integer-array": "^1.0.0" } }, "sha512-TwMbxBNz0l71+8Sc4czv13h4kEqnchV9igQZBi6QUaz09dnz13juGnnaWWJTRsP3brxOoxeB4SA2WELLw1hCtg=="],

    "compute-lcm": ["compute-lcm@1.1.2", "", { "dependencies": { "compute-gcd": "^1.2.1", "validate.io-array": "^1.0.3", "validate.io-function": "^1.0.2", "validate.io-integer-array": "^1.0.0" } }, "sha512-OFNPdQAXnQhDSKioX8/XYT6sdUlXwpeMjfd6ApxMJfyZ4GxmLR1xvMERctlYhlHwIiz6CSpBc2+qYKjHGZw4TQ=="],

    "fast-deep-equal": ["fast-deep-equal@3.1.3", "", {}, "sha512-f3qQ9oQy9j2AhBe/H9VC91wLmKBCCU/gDOnKNAYG5hswO7BLKj09Hc5HYNz9cGI++xlpDCIgDaitVs03ATR84Q=="],

    "fast-uri": ["fast-uri@3.0.6", "", {}, "sha512-Atfo14OibSv5wAp4VWNsFYE1AchQRTv9cBGWET4pZWHzYshFSS9NQI6I57rdKn9croWVMbYFbLhJ+yJvmZIIHw=="],

    "isomorphic.js": ["isomorphic.js@0.2.5", "", {}, "sha512-PIeMbHqMt4DnUP3MA/Flc0HElYjMXArsw1qwJZcm9sqR8mq3l8NYizFMty0pWwE/tzIGH3EKK5+jes5mAr85yw=="],

    "json-schema-compare": ["json-schema-compare@0.2.2", "", { "dependencies": { "lodash": "^4.17.4" } }, "sha512-c4WYmDKyJXhs7WWvAWm3uIYnfyWFoIp+JEoX34rctVvEkMYCPGhXtvmFFXiffBbxfZsvQ0RNnV5H7GvDF5HCqQ=="],

    "json-schema-merge-allof": ["json-schema-merge-allof@0.8.1", "", { "dependencies": { "compute-lcm": "^1.1.2", "json-schema-compare": "^0.2.2", "lodash": "^4.17.20" } }, "sha512-CTUKmIlPJbsWfzRRnOXz+0MjIqvnleIXwFTzz+t9T86HnYX/Rozria6ZVGLktAU9e+NygNljveP+yxqtQp/Q4w=="],

    "json-schema-traverse": ["json-schema-traverse@1.0.0", "", {}, "sha512-NM8/P9n3XjXhIZn1lLhkFaACTOURQXjWhV4BA/RnOv8xvgqtqpAX9IO4mRQxSx1Rlo4tqzeqb0sOlruaOy3dug=="],

    "json5": ["json5@2.2.3", "", { "bin": { "json5": "lib/cli.js" } }, "sha512-XmOWe7eyHYH14cLdVPoyg+GOH3rYX++KpzrylJwSW98t3Nk+U8XOl8FWKOgwtzdb8lXGf6zYwDUzeHMWfxasyg=="],

    "jsonpointer": ["jsonpointer@5.0.1", "", {}, "sha512-p/nXbhSEcu3pZRdkW1OfJhpsVtW1gd4Wa1fnQc9YLiTfAjn0312eMKimbdIQzuZl9aa9xUGaRlP9T/CJE/ditQ=="],

    "lib0": ["lib0@0.2.114", "", { "dependencies": { "isomorphic.js": "^0.2.4" }, "bin": { "0gentesthtml": "bin/gentesthtml.js", "0serve": "bin/0serve.js", "0ecdsa-generate-keypair": "bin/0ecdsa-generate-keypair.js" } }, "sha512-gcxmNFzA4hv8UYi8j43uPlQ7CGcyMJ2KQb5kZASw6SnAKAf10hK12i2fjrS3Cl/ugZa5Ui6WwIu1/6MIXiHttQ=="],

    "lodash": ["lodash@4.17.21", "", {}, "sha512-v2kDEe57lecTulaDIuNTPy3Ry4gLGJ6Z1O3vE1krgXZNrsQ+LFTGHVxVjcXPs17LhbZVGedAJv8XZ1tvj5FvSg=="],

    "lodash-es": ["lodash-es@4.17.21", "", {}, "sha512-mKnC+QJ9pWVzv+C4/U3rRsHapFfHvQFoFB92e52xeyGMcX6/OlIl78je1u8vePzYZSkkogMPJ2yjxxsb89cxyw=="],

    "minimist": ["minimist@1.2.8", "", {}, "sha512-2yyAR8qBkN3YuheJanUpWC5U3bb5osDywNB8RzDVlDwDHbocAJveqqj1u8+SVD7jkWT4yvsHCpWqqWqAxb0zCA=="],

    "path-browserify": ["path-browserify@1.0.1", "", {}, "sha512-b7uo2UCUOYZcnF/3ID0lulOJi/bafxa1xPe7ZPsammBSpjSWQkjNxlt635YGS2MiR9GjvuXCtz2emr3jbsz98g=="],

    "querystringify": ["querystringify@2.2.0", "", {}, "sha512-FIqgj2EUvTa7R50u0rGsyTftzjYmv/a3hO345bZNrqabNqjtgiDMgmo4mkUjd+nzU5oF3dClKqFIPUKybUyqoQ=="],

    "react": ["react@19.1.1", "", {}, "sha512-w8nqGImo45dmMIfljjMwOGtbmC/mk4CMYhWIicdSflH91J9TyCyczcPFXJzrZ/ZXcgGRFeP6BU0BEJTw6tZdfQ=="],

    "react-is": ["react-is@18.3.1", "", {}, "sha512-/LLMVyas0ljjAtoYiPqYiL8VWXzUUdThrmU5+n20DZv+a+ClRoevUzw5JxU+Ieh5/c87ytoTBV9G1FiKfNJdmg=="],

    "require-from-string": ["require-from-string@2.0.2", "", {}, "sha512-Xf0nWe6RseziFMu+Ap9biiUbmplq6S9/p+7w7YXP/JBHhrUDDUhwa+vANyubuqfZWTveU//DYVGsDG7RKL/vEw=="],

    "requires-port": ["requires-port@1.0.0", "", {}, "sha512-KigOCHcocU3XODJxsu8i/j8T9tzT4adHiecwORRQ0ZZFcp7ahwXuRU1m+yuO90C5ZUyGeGfocHDI14M3L3yDAQ=="],

    "undici-types": ["undici-types@7.8.0", "", {}, "sha512-9UJ2xGDvQ43tYyVMpuHlsgApydB8ZKfVYTsLDhXkFL/6gfkp+U8xTGdh8pMJv1SpZna0zxG1DwsKZsreLbXBxw=="],

    "url-parse": ["url-parse@1.5.10", "", { "dependencies": { "querystringify": "^2.1.1", "requires-port": "^1.0.0" } }, "sha512-WypcfiRhfeUP9vvF0j6rw0J3hrWrw6iZv3+22h6iRMJ/8z1Tj6XfLP4DsUix5MhMPnXpiHDoKyoZ/bdCkwBCiQ=="],

    "uuid": ["uuid@9.0.1", "", { "bin": { "uuid": "dist/bin/uuid" } }, "sha512-b+1eJOlsR9K8HJpow9Ok3fiWOWSIcIzXodvv0rQjVoOVNpWMpxf1wZNpt4y9h10odCNrqnYp1OBzRktckBe3sA=="],

    "validate.io-array": ["validate.io-array@1.0.6", "", {}, "sha512-DeOy7CnPEziggrOO5CZhVKJw6S3Yi7e9e65R1Nl/RTN1vTQKnzjfvks0/8kQ40FP/dsjRAOd4hxmJ7uLa6vxkg=="],

    "validate.io-function": ["validate.io-function@1.0.2", "", {}, "sha512-LlFybRJEriSuBnUhQyG5bwglhh50EpTL2ul23MPIuR1odjO7XaMLFV8vHGwp7AZciFxtYOeiSCT5st+XSPONiQ=="],

    "validate.io-integer": ["validate.io-integer@1.0.5", "", { "dependencies": { "validate.io-number": "^1.0.3" } }, "sha512-22izsYSLojN/P6bppBqhgUDjCkr5RY2jd+N2a3DCAUey8ydvrZ/OkGvFPR7qfOpwR2LC5p4Ngzxz36g5Vgr/hQ=="],

    "validate.io-integer-array": ["validate.io-integer-array@1.0.0", "", { "dependencies": { "validate.io-array": "^1.0.3", "validate.io-integer": "^1.0.4" } }, "sha512-mTrMk/1ytQHtCY0oNO3dztafHYyGU88KL+jRxWuzfOmQb+4qqnWmI+gykvGp8usKZOM0H7keJHEbRaFiYA0VrA=="],

    "validate.io-number": ["validate.io-number@1.0.3", "", {}, "sha512-kRAyotcbNaSYoDnXvb4MHg/0a1egJdLwS6oJ38TJY7aw9n93Fl/3blIXdyYvPOp55CNxywooG/3BcrwNrBpcSg=="],

    "ws": ["ws@8.18.3", "", { "peerDependencies": { "bufferutil": "^4.0.1", "utf-8-validate": ">=5.0.2" }, "optionalPeers": ["bufferutil", "utf-8-validate"] }, "sha512-PEIGCY5tSlUt50cqyMXfCzX+oOPqN0vuGqWzbcJ2xvnkzkq46oOpz7dQaTDBdfICb4N14+GARUDw2XV2N4tvzg=="],

    "y-protocols": ["y-protocols@1.0.6", "", { "dependencies": { "lib0": "^0.2.85" }, "peerDependencies": { "yjs": "^13.0.0" } }, "sha512-vHRF2L6iT3rwj1jub/K5tYcTT/mEYDUppgNPXwp8fmLpui9f7Yeq3OEtTLVF012j39QnV+KEQpNqoN7CWU7Y9Q=="],

    "yjs": ["yjs@13.6.27", "", { "dependencies": { "lib0": "^0.2.99" } }, "sha512-OIDwaflOaq4wC6YlPBy2L6ceKeKuF7DeTxx+jPzv1FHn9tCZ0ZwSRnUBxD05E3yed46fv/FWJbvR+Ud7x0L7zw=="],
  }
}
